hash: 90efe5af103f666c0977c88efcb921127a3f9247ef2278b125cb2e7cbd19f229
updated: 2016-09-09T16:19:27.86369012+02:00
imports:
- name: github.com/asaskevich/govalidator
  version: 7664702784775e51966f0885f5cd27435916517b
- name: github.com/gorilla/context
  version: 1ea25387ff6f684839d82767c1733ff4d4d15d0a
- name: github.com/gorilla/mux
  version: 0eeaf8392f5b04950925b8a69fe70f110fa7cbfc
- name: gopkg.in/mailgun/mailgun-go.v1
  version: 369a1fa57ce6fb314e627087b9fff0db5c266c0f
testImports: []
